
Microsoft Visual Studio Solution File, Format Version 12.00
# Visual Studio Version 17
VisualStudioVersion = 17.6.33723.286
MinimumVisualStudioVersion = 10.0.40219.1
Project("{FAE04EC0-301F-11D3-BF4B-00C04F79EFBC}") = "petrol-onmuhasebe-programı", "petrol-onmuhasebe-programı\petrol-onmuhasebe-programı.csproj", "{498B8221-F8CF-4B8D-97C2-45EE2BFFB8AB}"
EndProject
Global
	GlobalSection(SolutionConfigurationPlatforms) = preSolution
		Debug|Any CPU = Debug|Any CPU
		Release|Any CPU = Release|Any CPU
	EndGlobalSection
	GlobalSection(ProjectConfigurationPlatforms) = postSolution
		{498B8221-F8CF-4B8D-97C2-45EE2BFFB8AB}.Debug|Any CPU.ActiveCfg = Debug|Any CPU
		{498B8221-F8CF-4B8D-97C2-45EE2BFFB8AB}.Debug|Any CPU.Build.0 = Debug|Any CPU
		{498B8221-F8CF-4B8D-97C2-45EE2BFFB8AB}.Release|Any CPU.ActiveCfg = Release|Any CPU
		{498B8221-F8CF-4B8D-97C2-45EE2BFFB8AB}.Release|Any CPU.Build.0 = Release|Any CPU
	EndGlobalSection
	GlobalSection(SolutionProperties) = preSolution
		HideSolutionNode = FALSE
	EndGlobalSection
	GlobalSection(ExtensibilityGlobals) = postSolution
		SolutionGuid = {23E9E735-CFF3-4D61-96EF-B1071655B76E}
	EndGlobalSection
EndGlobal
